
Microsoft Visual Studio Solution File, Format Version 12.00
# Visual Studio Version 17
VisualStudioVersion = 17.14.36717.8 d17.14
MinimumVisualStudioVersion = 10.0.40219.1
Project("{8BC9CEB8-8B4A-11D0-8D11-00A0C91BC942}") = "StudiesSchedule", "StudiesSchedule\StudiesSchedule.vcxproj", "{7F13706D-7983-4070-A61E-347380C62A28}"
EndProject
Project("{8BC9CEB8-8B4A-11D0-8D11-00A0C91BC942}") = "StudiesScheduleTests", "StudiesScheduleTests\StudiesScheduleTests.vcxproj", "{EE6FC959-A478-49B3-B904-591545199587}"
EndProject
Global
	GlobalSection(SolutionConfigurationPlatforms) = preSolution
		Debug|x64 = Debug|x64
		Debug|x86 = Debug|x86
		Release|x64 = Release|x64
		Release|x86 = Release|x86
	EndGlobalSection
	GlobalSection(ProjectConfigurationPlatforms) = postSolution
		{7F13706D-7983-4070-A61E-347380C62A28}.Debug|x64.ActiveCfg = Debug|x64
		{7F13706D-7983-4070-A61E-347380C62A28}.Debug|x64.Build.0 = Debug|x64
		{7F13706D-7983-4070-A61E-347380C62A28}.Debug|x86.ActiveCfg = Debug|Win32
		{7F13706D-7983-4070-A61E-347380C62A28}.Debug|x86.Build.0 = Debug|Win32
		{7F13706D-7983-4070-A61E-347380C62A28}.Release|x64.ActiveCfg = Release|x64
		{7F13706D-7983-4070-A61E-347380C62A28}.Release|x64.Build.0 = Release|x64
		{7F13706D-7983-4070-A61E-347380C62A28}.Release|x86.ActiveCfg = Release|Win32
		{7F13706D-7983-4070-A61E-347380C62A28}.Release|x86.Build.0 = Release|Win32
		{EE6FC959-A478-49B3-B904-591545199587}.Debug|x64.ActiveCfg = Debug|x64
		{EE6FC959-A478-49B3-B904-591545199587}.Debug|x64.Build.0 = Debug|x64
		{EE6FC959-A478-49B3-B904-591545199587}.Debug|x86.ActiveCfg = Debug|Win32
		{EE6FC959-A478-49B3-B904-591545199587}.Debug|x86.Build.0 = Debug|Win32
		{EE6FC959-A478-49B3-B904-591545199587}.Release|x64.ActiveCfg = Release|x64
		{EE6FC959-A478-49B3-B904-591545199587}.Release|x64.Build.0 = Release|x64
		{EE6FC959-A478-49B3-B904-591545199587}.Release|x86.ActiveCfg = Release|Win32
		{EE6FC959-A478-49B3-B904-591545199587}.Release|x86.Build.0 = Release|Win32
	EndGlobalSection
	GlobalSection(SolutionProperties) = preSolution
		HideSolutionNode = FALSE
	EndGlobalSection
	GlobalSection(ExtensibilityGlobals) = postSolution
		SolutionGuid = {1BEF74E0-7038-440C-9FF3-ECEF9112E446}
	EndGlobalSection
EndGlobal
